# This file is automatically @generated by Veryl.
# It is not intended for manual editing.
version = 1

[[projects]]
name = "gndless_fixedpoint"
dependencies = []

[projects.source]
uuid = "14e43f16-b28a-5906-9892-0ea0bcdfc492"
url = "https://github.com/AkiyukiOkayasu/gndless-fixedpoint-veryl"
path = ""
project = "gndless_fixedpoint"
version = "0.2.0"
revision = "62fe80930ed4fee336333dd2d4b9476c56594ca8"

[projects.properties]

[[projects]]
name = "gndless_nco"
dependencies = []

[projects.source]
uuid = "6f8d0d36-407c-5b96-9b2e-e9fc31a63432"
url = "https://github.com/AkiyukiOkayasu/gndless-nco-veryl"
path = ""
project = "gndless_nco"
version = "0.1.0"
revision = "23b602972ab07aa2fb7596590367d2caa125bddb"

[projects.properties]

[[projects]]
name = "gndless_filter"
source = "../gndless-filter-veryl"

[projects.properties]

[[projects.dependencies]]
name = "gndless_fixedpoint"

[projects.dependencies.source]
uuid = "14e43f16-b28a-5906-9892-0ea0bcdfc492"
url = "https://github.com/AkiyukiOkayasu/gndless-fixedpoint-veryl"
path = ""
project = "gndless_fixedpoint"
version = "0.2.0"
revision = "62fe80930ed4fee336333dd2d4b9476c56594ca8"

[[projects]]
name = "gndless_interpolation"
source = "../gndless-interpolation-veryl"

[projects.properties]

[[projects.dependencies]]
name = "gndless_fixedpoint"

[projects.dependencies.source]
uuid = "14e43f16-b28a-5906-9892-0ea0bcdfc492"
url = "https://github.com/AkiyukiOkayasu/gndless-fixedpoint-veryl"
path = ""
project = "gndless_fixedpoint"
version = "0.2.0"
revision = "62fe80930ed4fee336333dd2d4b9476c56594ca8"
