# This file is automatically @generated by Veryl.
# It is not intended for manual editing.
version = 1

[[projects]]
name = "gndless_fixedpoint"
dependencies = []

[projects.source]
uuid = "7fc54e88-b2be-5497-95d3-f92b5b3f7e10"
url = "https://github.com/AkiyukiOkayasu/gndless-fixedpoint-veryl"
path = ""
project = "gndless_fixedpoint"
version = "0.2.1"
revision = "c7a299503d812dee586fefb5587d02acca70e047"

[projects.properties]

[[projects]]
name = "gndless_nco"
dependencies = []

[projects.source]
uuid = "6f8d0d36-407c-5b96-9b2e-e9fc31a63432"
url = "https://github.com/AkiyukiOkayasu/gndless-nco-veryl"
path = ""
project = "gndless_nco"
version = "0.1.0"
revision = "23b602972ab07aa2fb7596590367d2caa125bddb"

[projects.properties]

[[projects]]
name = "gndless_interpolation"
source = "../gndless-interpolation-veryl"

[projects.properties]

[[projects.dependencies]]
name = "gndless_fixedpoint"

[projects.dependencies.source]
uuid = "7fc54e88-b2be-5497-95d3-f92b5b3f7e10"
url = "https://github.com/AkiyukiOkayasu/gndless-fixedpoint-veryl"
path = ""
project = "gndless_fixedpoint"
version = "0.2.1"
revision = "c7a299503d812dee586fefb5587d02acca70e047"
